
Microsoft Visual Studio Solution File, Format Version 12.00
# Visual Studio Version 17
VisualStudioVersion = 17.8.34330.188
MinimumVisualStudioVersion = 10.0.40219.1
Project("{FAE04EC0-301F-11D3-BF4B-00C04F79EFBC}") = "DapperApp_1", "DapperApp_1.csproj", "{86A4F782-CE0B-4FA6-BF9A-2287B2709277}"
EndProject
Global
	GlobalSection(SolutionConfigurationPlatforms) = preSolution
		Debug|Any CPU = Debug|Any CPU
		Release|Any CPU = Release|Any CPU
	EndGlobalSection
	GlobalSection(ProjectConfigurationPlatforms) = postSolution
		{86A4F782-CE0B-4FA6-BF9A-2287B2709277}.Debug|Any CPU.ActiveCfg = Debug|Any CPU
		{86A4F782-CE0B-4FA6-BF9A-2287B2709277}.Debug|Any CPU.Build.0 = Debug|Any CPU
		{86A4F782-CE0B-4FA6-BF9A-2287B2709277}.Release|Any CPU.ActiveCfg = Release|Any CPU
		{86A4F782-CE0B-4FA6-BF9A-2287B2709277}.Release|Any CPU.Build.0 = Release|Any CPU
	EndGlobalSection
	GlobalSection(SolutionProperties) = preSolution
		HideSolutionNode = FALSE
	EndGlobalSection
	GlobalSection(ExtensibilityGlobals) = postSolution
		SolutionGuid = {12AF85B4-E977-4154-9C66-1DDF203CD67C}
	EndGlobalSection
EndGlobal
